
Microsoft Visual Studio Solution File, Format Version 12.00
# Visual Studio Version 17
VisualStudioVersion = 17.4.32804.182
MinimumVisualStudioVersion = 10.0.40219.1
Project("{9A19103F-16F7-4668-BE54-9A1E7A4F7556}") = "Polaris", "Polaris\Polaris.csproj", "{6B414C7C-7652-418F-A7D0-7804A00923B5}"
EndProject
Project("{2150E333-8FDC-42A3-9474-1A3956D46DE8}") = "Solution Items", "Solution Items", "{4D835B9B-B1BC-448B-8365-C65590BC33AF}"
	ProjectSection(SolutionItems) = preProject
		.editorconfig = .editorconfig
	EndProjectSection
EndProject
Global
	GlobalSection(SolutionConfigurationPlatforms) = preSolution
		Debug|Any CPU = Debug|Any CPU
		Release|Any CPU = Release|Any CPU
	EndGlobalSection
	GlobalSection(ProjectConfigurationPlatforms) = postSolution
		{6B414C7C-7652-418F-A7D0-7804A00923B5}.Debug|Any CPU.ActiveCfg = Debug|Any CPU
		{6B414C7C-7652-418F-A7D0-7804A00923B5}.Debug|Any CPU.Build.0 = Debug|Any CPU
		{6B414C7C-7652-418F-A7D0-7804A00923B5}.Release|Any CPU.ActiveCfg = Release|Any CPU
		{6B414C7C-7652-418F-A7D0-7804A00923B5}.Release|Any CPU.Build.0 = Release|Any CPU
	EndGlobalSection
	GlobalSection(SolutionProperties) = preSolution
		HideSolutionNode = FALSE
	EndGlobalSection
	GlobalSection(ExtensibilityGlobals) = postSolution
		SolutionGuid = {6E06B4D9-19C5-4B4B-B75F-DB8E956A5F0E}
	EndGlobalSection
EndGlobal
